// !$*UTF8*$!
{
	archiveVersion = 1;
	classes = {
	};
	objectVersion = 77;
	objects = {

/* Begin PBXBuildFile section */
		28A26FFA1A4EE1AC18864009 /* Buzzkill On.shortcut in Resources */ = {isa = PBXBuildFile; fileRef = F2F943724B112F6637C5B989 /* Buzzkill On.shortcut */; };
		2C32752C4E4BBA4E4B32DF46 /* ContentView.swift in Sources */ = {isa = PBXBuildFile; fileRef = B2621EB02619AF3991AB6CE9 /* ContentView.swift */; };
		431B6DFB19E92E9204517E17 /* BuzzkillApp.swift in Sources */ = {isa = PBXBuildFile; fileRef = F5E9F1972840BDBE09748FF8 /* BuzzkillApp.swift */; };
		438D6B7F50189706F5D09A9C /* AppViewModel.swift in Sources */ = {isa = PBXBuildFile; fileRef = BA8EEE9200ED2E6376523E6A /* AppViewModel.swift */; };
		56A6DAD2BD8236B9823DE9E7 /* PrivacyInfo.xcprivacy in Resources */ = {isa = PBXBuildFile; fileRef = AC21B15B3281A35A06603538 /* PrivacyInfo.xcprivacy */; };
		62D9F0B96B8CCA1C6B19D970 /* Buzzkill Off.shortcut in Resources */ = {isa = PBXBuildFile; fileRef = A5808ADA74B84A770BF6A01D /* Buzzkill Off.shortcut */; };
		B50AEFDEF1CA36C9A8AE6E8D /* Assets.xcassets in Resources */ = {isa = PBXBuildFile; fileRef = 09C3BC6692200EF908700133 /* Assets.xcassets */; };
/* End PBXBuildFile section */

/* Begin PBXFileReference section */
		09C3BC6692200EF908700133 /* Assets.xcassets */ = {isa = PBXFileReference; lastKnownFileType = folder.assetcatalog; path = Assets.xcassets; sourceTree = "<group>"; };
		811505DEE9C8022B3E75C4E3 /* Buzzkill.entitlements */ = {isa = PBXFileReference; lastKnownFileType = text.plist.entitlements; path = Buzzkill.entitlements; sourceTree = "<group>"; };
		A5808ADA74B84A770BF6A01D /* Buzzkill Off.shortcut */ = {isa = PBXFileReference; path = "Buzzkill Off.shortcut"; sourceTree = "<group>"; };
		AC21B15B3281A35A06603538 /* PrivacyInfo.xcprivacy */ = {isa = PBXFileReference; path = PrivacyInfo.xcprivacy; sourceTree = "<group>"; };
		B2621EB02619AF3991AB6CE9 /* ContentView.swift */ = {isa = PBXFileReference; lastKnownFileType = sourcecode.swift; path = ContentView.swift; sourceTree = "<group>"; };
		BA8EEE9200ED2E6376523E6A /* AppViewModel.swift */ = {isa = PBXFileReference; lastKnownFileType = sourcecode.swift; path = AppViewModel.swift; sourceTree = "<group>"; };
		E3BCC085CF61B614E60A72E7 /* Buzzkill.app */ = {isa = PBXFileReference; includeInIndex = 0; lastKnownFileType = wrapper.application; path = Buzzkill.app; sourceTree = BUILT_PRODUCTS_DIR; };
		F2F943724B112F6637C5B989 /* Buzzkill On.shortcut */ = {isa = PBXFileReference; path = "Buzzkill On.shortcut"; sourceTree = "<group>"; };
		F5E9F1972840BDBE09748FF8 /* BuzzkillApp.swift */ = {isa = PBXFileReference; lastKnownFileType = sourcecode.swift; path = BuzzkillApp.swift; sourceTree = "<group>"; };
/* End PBXFileReference section */

/* Begin PBXGroup section */
		2B4C93756F4AB32220095983 /* Shortcuts */ = {
			isa = PBXGroup;
			children = (
				A5808ADA74B84A770BF6A01D /* Buzzkill Off.shortcut */,
				F2F943724B112F6637C5B989 /* Buzzkill On.shortcut */,
			);
			path = Shortcuts;
			sourceTree = "<group>";
		};
		3F4008182E4110929A5E93D3 /* App */ = {
			isa = PBXGroup;
			children = (
				F5E9F1972840BDBE09748FF8 /* BuzzkillApp.swift */,
			);
			path = App;
			sourceTree = "<group>";
		};
		5300D3B5B7E3D4B5AE9BF1C8 /* Resources */ = {
			isa = PBXGroup;
			children = (
				09C3BC6692200EF908700133 /* Assets.xcassets */,
				2B4C93756F4AB32220095983 /* Shortcuts */,
			);
			path = Resources;
			sourceTree = "<group>";
		};
		71860EBD6DBAE671128AE3E4 /* Views */ = {
			isa = PBXGroup;
			children = (
				B2621EB02619AF3991AB6CE9 /* ContentView.swift */,
			);
			path = Views;
			sourceTree = "<group>";
		};
		A762B7D950380D679B0B75E0 /* Products */ = {
			isa = PBXGroup;
			children = (
				E3BCC085CF61B614E60A72E7 /* Buzzkill.app */,
			);
			name = Products;
			sourceTree = "<group>";
		};
		B85FC7555AAA59FEAA82F2B4 /* Buzzkill */ = {
			isa = PBXGroup;
			children = (
				811505DEE9C8022B3E75C4E3 /* Buzzkill.entitlements */,
				AC21B15B3281A35A06603538 /* PrivacyInfo.xcprivacy */,
				3F4008182E4110929A5E93D3 /* App */,
				5300D3B5B7E3D4B5AE9BF1C8 /* Resources */,
				E02127FD4C7C7417107399CC /* ViewModels */,
				71860EBD6DBAE671128AE3E4 /* Views */,
			);
			path = Buzzkill;
			sourceTree = "<group>";
		};
		BE2946D2A7235602F3278193 = {
			isa = PBXGroup;
			children = (
				B85FC7555AAA59FEAA82F2B4 /* Buzzkill */,
				A762B7D950380D679B0B75E0 /* Products */,
			);
			sourceTree = "<group>";
		};
		E02127FD4C7C7417107399CC /* ViewModels */ = {
			isa = PBXGroup;
			children = (
				BA8EEE9200ED2E6376523E6A /* AppViewModel.swift */,
			);
			path = ViewModels;
			sourceTree = "<group>";
		};
/* End PBXGroup section */

/* Begin PBXNativeTarget section */
		32E26D2665923A6D38ABCDC3 /* Buzzkill */ = {
			isa = PBXNativeTarget;
			buildConfigurationList = 576712FF2B4375C5B8E46BE9 /* Build configuration list for PBXNativeTarget "Buzzkill" */;
			buildPhases = (
				7E11A0507340BB48A42F222D /* Sources */,
				C78D5C2EE6D9F032590083C3 /* Resources */,
			);
			buildRules = (
			);
			dependencies = (
			);
			name = Buzzkill;
			packageProductDependencies = (
			);
			productName = Buzzkill;
			productReference = E3BCC085CF61B614E60A72E7 /* Buzzkill.app */;
			productType = "com.apple.product-type.application";
		};
/* End PBXNativeTarget section */

/* Begin PBXProject section */
		D07CDE44671CDE47A0FCE8BA /* Project object */ = {
			isa = PBXProject;
			attributes = {
				BuildIndependentTargetsInParallel = YES;
				LastUpgradeCheck = 1430;
				TargetAttributes = {
					32E26D2665923A6D38ABCDC3 = {
						DevelopmentTeam = 4T7KSYZ4F9;
						ProvisioningStyle = Automatic;
					};
				};
			};
			buildConfigurationList = BD965F0EECBCF8E2112DC099 /* Build configuration list for PBXProject "Buzzkill" */;
			developmentRegion = en;
			hasScannedForEncodings = 0;
			knownRegions = (
				Base,
				en,
			);
			mainGroup = BE2946D2A7235602F3278193;
			minimizedProjectReferenceProxies = 1;
			preferredProjectObjectVersion = 77;
			productRefGroup = A762B7D950380D679B0B75E0 /* Products */;
			projectDirPath = "";
			projectRoot = "";
			targets = (
				32E26D2665923A6D38ABCDC3 /* Buzzkill */,
			);
		};
/* End PBXProject section */

/* Begin PBXResourcesBuildPhase section */
		C78D5C2EE6D9F032590083C3 /* Resources */ = {
			isa = PBXResourcesBuildPhase;
			buildActionMask = 2147483647;
			files = (
				B50AEFDEF1CA36C9A8AE6E8D /* Assets.xcassets in Resources */,
				62D9F0B96B8CCA1C6B19D970 /* Buzzkill Off.shortcut in Resources */,
				28A26FFA1A4EE1AC18864009 /* Buzzkill On.shortcut in Resources */,
				56A6DAD2BD8236B9823DE9E7 /* PrivacyInfo.xcprivacy in Resources */,
			);
			runOnlyForDeploymentPostprocessing = 0;
		};
/* End PBXResourcesBuildPhase section */

/* Begin PBXSourcesBuildPhase section */
		7E11A0507340BB48A42F222D /* Sources */ = {
			isa = PBXSourcesBuildPhase;
			buildActionMask = 2147483647;
			files = (
				438D6B7F50189706F5D09A9C /* AppViewModel.swift in Sources */,
				431B6DFB19E92E9204517E17 /* BuzzkillApp.swift in Sources */,
				2C32752C4E4BBA4E4B32DF46 /* ContentView.swift in Sources */,
			);
			runOnlyForDeploymentPostprocessing = 0;
		};
/* End PBXSourcesBuildPhase section */

/* Begin XCBuildConfiguration section */
		8B7055B91EAB9380C5B51FCA /* Debug */ = {
			isa = XCBuildConfiguration;
			buildSettings = {
				ASSETCATALOG_COMPILER_APPICON_NAME = AppIcon;
				CODE_SIGN_IDENTITY = "iPhone Developer";
				CODE_SIGN_STYLE = Automatic;
				GENERATE_INFOPLIST_FILE = YES;
				INFOPLIST_KEY_CFBundleDisplayName = Buzzkill;
				INFOPLIST_KEY_UIApplicationSceneManifest_Generation = YES;
				INFOPLIST_KEY_UIApplicationSupportsIndirectInputEvents = YES;
				INFOPLIST_KEY_UILaunchScreen_Generation = YES;
				INFOPLIST_KEY_UISupportedInterfaceOrientations_iPhone = UIInterfaceOrientationPortrait;
				LD_RUNPATH_SEARCH_PATHS = (
					"$(inherited)",
					"@executable_path/Frameworks",
				);
				PRODUCT_NAME = Buzzkill;
				SDKROOT = iphoneos;
				SUPPORTS_MACCATALYST = NO;
				TARGETED_DEVICE_FAMILY = "1,2";
			};
			name = Debug;
		};
		957CA7307BD6F2D3DB6F71E0 /* Debug */ = {
			isa = XCBuildConfiguration;
			buildSettings = {
				ALWAYS_SEARCH_USER_PATHS = NO;
				CLANG_ANALYZER_NONNULL = YES;
				CLANG_ANALYZER_NUMBER_OBJECT_CONVERSION = YES_AGGRESSIVE;
				CLANG_CXX_LANGUAGE_STANDARD = "gnu++14";
				CLANG_CXX_LIBRARY = "libc++";
				CLANG_ENABLE_MODULES = YES;
				CLANG_ENABLE_OBJC_ARC = YES;
				CLANG_ENABLE_OBJC_WEAK = YES;
				CLANG_WARN_BLOCK_CAPTURE_AUTORELEASING = YES;
				CLANG_WARN_BOOL_CONVERSION = YES;
				CLANG_WARN_COMMA = YES;
				CLANG_WARN_CONSTANT_CONVERSION = YES;
				CLANG_WARN_DEPRECATED_OBJC_IMPLEMENTATIONS = YES;
				CLANG_WARN_DIRECT_OBJC_ISA_USAGE = YES_ERROR;
				CLANG_WARN_DOCUMENTATION_COMMENTS = YES;
				CLANG_WARN_EMPTY_BODY = YES;
				CLANG_WARN_ENUM_CONVERSION = YES;
				CLANG_WARN_INFINITE_RECURSION = YES;
				CLANG_WARN_INT_CONVERSION = YES;
				CLANG_WARN_NON_LITERAL_NULL_CONVERSION = YES;
				CLANG_WARN_OBJC_IMPLICIT_RETAIN_SELF = YES;
				CLANG_WARN_OBJC_LITERAL_CONVERSION = YES;
				CLANG_WARN_OBJC_ROOT_CLASS = YES_ERROR;
				CLANG_WARN_QUOTED_INCLUDE_IN_FRAMEWORK_HEADER = YES;
				CLANG_WARN_RANGE_LOOP_ANALYSIS = YES;
				CLANG_WARN_STRICT_PROTOTYPES = YES;
				CLANG_WARN_SUSPICIOUS_MOVE = YES;
				CLANG_WARN_UNGUARDED_AVAILABILITY = YES_AGGRESSIVE;
				CLANG_WARN_UNREACHABLE_CODE = YES;
				CLANG_WARN__DUPLICATE_METHOD_MATCH = YES;
				CODE_SIGN_ENTITLEMENTS = Buzzkill/Buzzkill.entitlements;
				COPY_PHASE_STRIP = NO;
				CURRENT_PROJECT_VERSION = 1;
				DEBUG_INFORMATION_FORMAT = dwarf;
				DEVELOPMENT_TEAM = 4T7KSYZ4F9;
				ENABLE_STRICT_OBJC_MSGSEND = YES;
				ENABLE_TESTABILITY = YES;
				GCC_C_LANGUAGE_STANDARD = gnu11;
				GCC_DYNAMIC_NO_PIC = NO;
				GCC_NO_COMMON_BLOCKS = YES;
				GCC_OPTIMIZATION_LEVEL = 0;
				GCC_PREPROCESSOR_DEFINITIONS = (
					"$(inherited)",
					"DEBUG=1",
				);
				GCC_WARN_64_TO_32_BIT_CONVERSION = YES;
				GCC_WARN_ABOUT_RETURN_TYPE = YES_ERROR;
				GCC_WARN_UNDECLARED_SELECTOR = YES;
				GCC_WARN_UNINITIALIZED_AUTOS = YES_AGGRESSIVE;
				GCC_WARN_UNUSED_FUNCTION = YES;
				GCC_WARN_UNUSED_VARIABLE = YES;
				IPHONEOS_DEPLOYMENT_TARGET = 17.0;
				MARKETING_VERSION = 0.1.0;
				MTL_ENABLE_DEBUG_INFO = INCLUDE_SOURCE;
				MTL_FAST_MATH = YES;
				ONLY_ACTIVE_ARCH = YES;
				PRODUCT_BUNDLE_IDENTIFIER = com.buzzkill.app;
				PRODUCT_NAME = "$(TARGET_NAME)";
				SDKROOT = iphoneos;
				SWIFT_ACTIVE_COMPILATION_CONDITIONS = DEBUG;
				SWIFT_OPTIMIZATION_LEVEL = "-Onone";
				SWIFT_VERSION = 6.0;
			};
			name = Debug;
		};
		D1AB4F7AED58C8686181C131 /* Release */ = {
			isa = XCBuildConfiguration;
			buildSettings = {
				ASSETCATALOG_COMPILER_APPICON_NAME = AppIcon;
				CODE_SIGN_IDENTITY = "iPhone Developer";
				CODE_SIGN_STYLE = Automatic;
				GENERATE_INFOPLIST_FILE = YES;
				INFOPLIST_KEY_CFBundleDisplayName = Buzzkill;
				INFOPLIST_KEY_UIApplicationSceneManifest_Generation = YES;
				INFOPLIST_KEY_UIApplicationSupportsIndirectInputEvents = YES;
				INFOPLIST_KEY_UILaunchScreen_Generation = YES;
				INFOPLIST_KEY_UISupportedInterfaceOrientations_iPhone = UIInterfaceOrientationPortrait;
				LD_RUNPATH_SEARCH_PATHS = (
					"$(inherited)",
					"@executable_path/Frameworks",
				);
				PRODUCT_NAME = Buzzkill;
				SDKROOT = iphoneos;
				SUPPORTS_MACCATALYST = NO;
				TARGETED_DEVICE_FAMILY = "1,2";
			};
			name = Release;
		};
		E41AC7C4E54DCCCAB42DC7CE /* Release */ = {
			isa = XCBuildConfiguration;
			buildSettings = {
				ALWAYS_SEARCH_USER_PATHS = NO;
				CLANG_ANALYZER_NONNULL = YES;
				CLANG_ANALYZER_NUMBER_OBJECT_CONVERSION = YES_AGGRESSIVE;
				CLANG_CXX_LANGUAGE_STANDARD = "gnu++14";
				CLANG_CXX_LIBRARY = "libc++";
				CLANG_ENABLE_MODULES = YES;
				CLANG_ENABLE_OBJC_ARC = YES;
				CLANG_ENABLE_OBJC_WEAK = YES;
				CLANG_WARN_BLOCK_CAPTURE_AUTORELEASING = YES;
				CLANG_WARN_BOOL_CONVERSION = YES;
				CLANG_WARN_COMMA = YES;
				CLANG_WARN_CONSTANT_CONVERSION = YES;
				CLANG_WARN_DEPRECATED_OBJC_IMPLEMENTATIONS = YES;
				CLANG_WARN_DIRECT_OBJC_ISA_USAGE = YES_ERROR;
				CLANG_WARN_DOCUMENTATION_COMMENTS = YES;
				CLANG_WARN_EMPTY_BODY = YES;
				CLANG_WARN_ENUM_CONVERSION = YES;
				CLANG_WARN_INFINITE_RECURSION = YES;
				CLANG_WARN_INT_CONVERSION = YES;
				CLANG_WARN_NON_LITERAL_NULL_CONVERSION = YES;
				CLANG_WARN_OBJC_IMPLICIT_RETAIN_SELF = YES;
				CLANG_WARN_OBJC_LITERAL_CONVERSION = YES;
				CLANG_WARN_OBJC_ROOT_CLASS = YES_ERROR;
				CLANG_WARN_QUOTED_INCLUDE_IN_FRAMEWORK_HEADER = YES;
				CLANG_WARN_RANGE_LOOP_ANALYSIS = YES;
				CLANG_WARN_STRICT_PROTOTYPES = YES;
				CLANG_WARN_SUSPICIOUS_MOVE = YES;
				CLANG_WARN_UNGUARDED_AVAILABILITY = YES_AGGRESSIVE;
				CLANG_WARN_UNREACHABLE_CODE = YES;
				CLANG_WARN__DUPLICATE_METHOD_MATCH = YES;
				CODE_SIGN_ENTITLEMENTS = Buzzkill/Buzzkill.entitlements;
				COPY_PHASE_STRIP = NO;
				CURRENT_PROJECT_VERSION = 1;
				DEBUG_INFORMATION_FORMAT = "dwarf-with-dsym";
				DEVELOPMENT_TEAM = 4T7KSYZ4F9;
				ENABLE_NS_ASSERTIONS = NO;
				ENABLE_STRICT_OBJC_MSGSEND = YES;
				GCC_C_LANGUAGE_STANDARD = gnu11;
				GCC_NO_COMMON_BLOCKS = YES;
				GCC_WARN_64_TO_32_BIT_CONVERSION = YES;
				GCC_WARN_ABOUT_RETURN_TYPE = YES_ERROR;
				GCC_WARN_UNDECLARED_SELECTOR = YES;
				GCC_WARN_UNINITIALIZED_AUTOS = YES_AGGRESSIVE;
				GCC_WARN_UNUSED_FUNCTION = YES;
				GCC_WARN_UNUSED_VARIABLE = YES;
				IPHONEOS_DEPLOYMENT_TARGET = 17.0;
				MARKETING_VERSION = 0.1.0;
				MTL_ENABLE_DEBUG_INFO = NO;
				MTL_FAST_MATH = YES;
				PRODUCT_BUNDLE_IDENTIFIER = com.buzzkill.app;
				PRODUCT_NAME = "$(TARGET_NAME)";
				SDKROOT = iphoneos;
				SWIFT_COMPILATION_MODE = wholemodule;
				SWIFT_OPTIMIZATION_LEVEL = "-O";
				SWIFT_VERSION = 6.0;
			};
			name = Release;
		};
/* End XCBuildConfiguration section */

/* Begin XCConfigurationList section */
		576712FF2B4375C5B8E46BE9 /* Build configuration list for PBXNativeTarget "Buzzkill" */ = {
			isa = XCConfigurationList;
			buildConfigurations = (
				8B7055B91EAB9380C5B51FCA /* Debug */,
				D1AB4F7AED58C8686181C131 /* Release */,
			);
			defaultConfigurationIsVisible = 0;
			defaultConfigurationName = Debug;
		};
		BD965F0EECBCF8E2112DC099 /* Build configuration list for PBXProject "Buzzkill" */ = {
			isa = XCConfigurationList;
			buildConfigurations = (
				957CA7307BD6F2D3DB6F71E0 /* Debug */,
				E41AC7C4E54DCCCAB42DC7CE /* Release */,
			);
			defaultConfigurationIsVisible = 0;
			defaultConfigurationName = Debug;
		};
/* End XCConfigurationList section */
	};
	rootObject = D07CDE44671CDE47A0FCE8BA /* Project object */;
}
